
Microsoft Visual Studio Solution File, Format Version 12.00
# Visual Studio Version 17
VisualStudioVersion = 17.10.35122.118
MinimumVisualStudioVersion = 10.0.40219.1
Project("{FAE04EC0-301F-11D3-BF4B-00C04F79EFBC}") = "MyCompiler", "MyCompiler\MyCompiler.csproj", "{F0B1155D-DD75-4CFE-8ABB-51C510EA145B}"
EndProject
Global
	GlobalSection(SolutionConfigurationPlatforms) = preSolution
		Debug|Any CPU = Debug|Any CPU
		Release|Any CPU = Release|Any CPU
	EndGlobalSection
	GlobalSection(ProjectConfigurationPlatforms) = postSolution
		{F0B1155D-DD75-4CFE-8ABB-51C510EA145B}.Debug|Any CPU.ActiveCfg = Debug|Any CPU
		{F0B1155D-DD75-4CFE-8ABB-51C510EA145B}.Debug|Any CPU.Build.0 = Debug|Any CPU
		{F0B1155D-DD75-4CFE-8ABB-51C510EA145B}.Debug|Any CPU.Deploy.0 = Debug|Any CPU
		{F0B1155D-DD75-4CFE-8ABB-51C510EA145B}.Release|Any CPU.ActiveCfg = Release|Any CPU
		{F0B1155D-DD75-4CFE-8ABB-51C510EA145B}.Release|Any CPU.Build.0 = Release|Any CPU
		{F0B1155D-DD75-4CFE-8ABB-51C510EA145B}.Release|Any CPU.Deploy.0 = Release|Any CPU
	EndGlobalSection
	GlobalSection(SolutionProperties) = preSolution
		HideSolutionNode = FALSE
	EndGlobalSection
	GlobalSection(ExtensibilityGlobals) = postSolution
		SolutionGuid = {0D88E751-9DF3-41A5-8190-0114933B1633}
	EndGlobalSection
EndGlobal
